
Microsoft Visual Studio Solution File, Format Version 12.00
# Visual Studio 2013
VisualStudioVersion = 12.0.31101.0
MinimumVisualStudioVersion = 10.0.40219.1
Project("{FAE04EC0-301F-11D3-BF4B-00C04F79EFBC}") = "TypeScriptExample", "TypeScriptExample\TypeScriptExample.csproj", "{CE2DC379-17E2-44BF-A19A-67448F392AF4}"
EndProject
Global
	GlobalSection(SolutionConfigurationPlatforms) = preSolution
		Debug|Any CPU = Debug|Any CPU
		Release|Any CPU = Release|Any CPU
	EndGlobalSection
	GlobalSection(ProjectConfigurationPlatforms) = postSolution
		{CE2DC379-17E2-44BF-A19A-67448F392AF4}.Debug|Any CPU.ActiveCfg = Debug|Any CPU
		{CE2DC379-17E2-44BF-A19A-67448F392AF4}.Debug|Any CPU.Build.0 = Debug|Any CPU
		{CE2DC379-17E2-44BF-A19A-67448F392AF4}.Release|Any CPU.ActiveCfg = Release|Any CPU
		{CE2DC379-17E2-44BF-A19A-67448F392AF4}.Release|Any CPU.Build.0 = Release|Any CPU
	EndGlobalSection
	GlobalSection(SolutionProperties) = preSolution
		HideSolutionNode = FALSE
	EndGlobalSection
EndGlobal
